
Microsoft Visual Studio Solution File, Format Version 12.00
# Visual Studio 15
VisualStudioVersion = 15.0.27130.2026
MinimumVisualStudioVersion = 10.0.40219.1
Project("{8BC9CEB8-8B4A-11D0-8D11-00A0C91BC942}") = "Exception catching order", "Exception catching order\Exception catching order.vcxproj", "{B79154BA-9647-45F8-84DC-62AEB45A14A7}"
EndProject
Global
	GlobalSection(SolutionConfigurationPlatforms) = preSolution
		Debug|x64 = Debug|x64
		Debug|x86 = Debug|x86
		Release|x64 = Release|x64
		Release|x86 = Release|x86
	EndGlobalSection
	GlobalSection(ProjectConfigurationPlatforms) = postSolution
		{B79154BA-9647-45F8-84DC-62AEB45A14A7}.Debug|x64.ActiveCfg = Debug|x64
		{B79154BA-9647-45F8-84DC-62AEB45A14A7}.Debug|x64.Build.0 = Debug|x64
		{B79154BA-9647-45F8-84DC-62AEB45A14A7}.Debug|x86.ActiveCfg = Debug|Win32
		{B79154BA-9647-45F8-84DC-62AEB45A14A7}.Debug|x86.Build.0 = Debug|Win32
		{B79154BA-9647-45F8-84DC-62AEB45A14A7}.Release|x64.ActiveCfg = Release|x64
		{B79154BA-9647-45F8-84DC-62AEB45A14A7}.Release|x64.Build.0 = Release|x64
		{B79154BA-9647-45F8-84DC-62AEB45A14A7}.Release|x86.ActiveCfg = Release|Win32
		{B79154BA-9647-45F8-84DC-62AEB45A14A7}.Release|x86.Build.0 = Release|Win32
	EndGlobalSection
	GlobalSection(SolutionProperties) = preSolution
		HideSolutionNode = FALSE
	EndGlobalSection
	GlobalSection(ExtensibilityGlobals) = postSolution
		SolutionGuid = {FE6AEC64-0006-416E-A88C-93C16A71F513}
	EndGlobalSection
EndGlobal
